
Microsoft Visual Studio Solution File, Format Version 12.00
# Visual Studio 15
VisualStudioVersion = 15.0.28307.1082
MinimumVisualStudioVersion = 10.0.40219.1
Project("{8BC9CEB8-8B4A-11D0-8D11-00A0C91BC942}") = "TCPserver", "TCPserver\TCPserver.vcxproj", "{ACF64791-1F00-464E-80CE-23286245BC9A}"
EndProject
Project("{8BC9CEB8-8B4A-11D0-8D11-00A0C91BC942}") = "TCPclient", "TCPclient\TCPclient.vcxproj", "{486B2F25-F6A4-4521-B117-EE1FCE077485}"
	ProjectSection(ProjectDependencies) = postProject
		{ACF64791-1F00-464E-80CE-23286245BC9A} = {ACF64791-1F00-464E-80CE-23286245BC9A}
	EndProjectSection
EndProject
Global
	GlobalSection(SolutionConfigurationPlatforms) = preSolution
		Debug|x64 = Debug|x64
		Debug|x86 = Debug|x86
		Release|x64 = Release|x64
		Release|x86 = Release|x86
	EndGlobalSection
	GlobalSection(ProjectConfigurationPlatforms) = postSolution
		{ACF64791-1F00-464E-80CE-23286245BC9A}.Debug|x64.ActiveCfg = Debug|x64
		{ACF64791-1F00-464E-80CE-23286245BC9A}.Debug|x64.Build.0 = Debug|x64
		{ACF64791-1F00-464E-80CE-23286245BC9A}.Debug|x86.ActiveCfg = Debug|x64
		{ACF64791-1F00-464E-80CE-23286245BC9A}.Debug|x86.Build.0 = Debug|x64
		{ACF64791-1F00-464E-80CE-23286245BC9A}.Release|x64.ActiveCfg = Debug|x64
		{ACF64791-1F00-464E-80CE-23286245BC9A}.Release|x64.Build.0 = Debug|x64
		{ACF64791-1F00-464E-80CE-23286245BC9A}.Release|x86.ActiveCfg = Debug|x64
		{ACF64791-1F00-464E-80CE-23286245BC9A}.Release|x86.Build.0 = Debug|x64
		{486B2F25-F6A4-4521-B117-EE1FCE077485}.Debug|x64.ActiveCfg = Debug|x64
		{486B2F25-F6A4-4521-B117-EE1FCE077485}.Debug|x64.Build.0 = Debug|x64
		{486B2F25-F6A4-4521-B117-EE1FCE077485}.Debug|x86.ActiveCfg = Debug|x64
		{486B2F25-F6A4-4521-B117-EE1FCE077485}.Debug|x86.Build.0 = Debug|x64
		{486B2F25-F6A4-4521-B117-EE1FCE077485}.Release|x64.ActiveCfg = Debug|x64
		{486B2F25-F6A4-4521-B117-EE1FCE077485}.Release|x64.Build.0 = Debug|x64
		{486B2F25-F6A4-4521-B117-EE1FCE077485}.Release|x86.ActiveCfg = Debug|x64
		{486B2F25-F6A4-4521-B117-EE1FCE077485}.Release|x86.Build.0 = Debug|x64
	EndGlobalSection
	GlobalSection(SolutionProperties) = preSolution
		HideSolutionNode = FALSE
	EndGlobalSection
	GlobalSection(ExtensibilityGlobals) = postSolution
		SolutionGuid = {A14F9279-BC55-4DEF-889C-973E6DB85D52}
	EndGlobalSection
EndGlobal
